
Microsoft Visual Studio Solution File, Format Version 12.00
# Visual Studio Version 17
VisualStudioVersion = 17.14.36202.13 d17.14
MinimumVisualStudioVersion = 10.0.40219.1
Project("{FAE04EC0-301F-11D3-BF4B-00C04F79EFBC}") = "Csharpfundamentals", "Csharpfundamentals\Csharpfundamentals.csproj", "{6986329B-5178-4EFE-B583-16A54739CD92}"
EndProject
Project("{FAE04EC0-301F-11D3-BF4B-00C04F79EFBC}") = "SeleniumAutomation", "SeleniumAutomation\SeleniumAutomation.csproj", "{3ED265FC-F0CB-43A9-A46B-A41130C76CBE}"
EndProject
Global
	GlobalSection(SolutionConfigurationPlatforms) = preSolution
		Debug|Any CPU = Debug|Any CPU
		Release|Any CPU = Release|Any CPU
	EndGlobalSection
	GlobalSection(ProjectConfigurationPlatforms) = postSolution
		{6986329B-5178-4EFE-B583-16A54739CD92}.Debug|Any CPU.ActiveCfg = Debug|Any CPU
		{6986329B-5178-4EFE-B583-16A54739CD92}.Debug|Any CPU.Build.0 = Debug|Any CPU
		{6986329B-5178-4EFE-B583-16A54739CD92}.Release|Any CPU.ActiveCfg = Release|Any CPU
		{6986329B-5178-4EFE-B583-16A54739CD92}.Release|Any CPU.Build.0 = Release|Any CPU
		{3ED265FC-F0CB-43A9-A46B-A41130C76CBE}.Debug|Any CPU.ActiveCfg = Debug|Any CPU
		{3ED265FC-F0CB-43A9-A46B-A41130C76CBE}.Debug|Any CPU.Build.0 = Debug|Any CPU
		{3ED265FC-F0CB-43A9-A46B-A41130C76CBE}.Release|Any CPU.ActiveCfg = Release|Any CPU
		{3ED265FC-F0CB-43A9-A46B-A41130C76CBE}.Release|Any CPU.Build.0 = Release|Any CPU
	EndGlobalSection
	GlobalSection(SolutionProperties) = preSolution
		HideSolutionNode = FALSE
	EndGlobalSection
	GlobalSection(ExtensibilityGlobals) = postSolution
		SolutionGuid = {8007EEFE-E8D8-40E5-BFE8-A69C9539C34E}
	EndGlobalSection
EndGlobal
